
Microsoft Visual Studio Solution File, Format Version 12.00
# Visual Studio Express 2013 for Web
VisualStudioVersion = 12.0.30723.0
MinimumVisualStudioVersion = 10.0.40219.1
Project("{FAE04EC0-301F-11D3-BF4B-00C04F79EFBC}") = "MyProject", "MyProject\MyProject.csproj", "{096FF02D-A9D0-4E16-9AB5-AEA58F0D04C3}"
EndProject
Project("{FAE04EC0-301F-11D3-BF4B-00C04F79EFBC}") = "MyProject.Tests", "MyProject.Tests\MyProject.Tests.csproj", "{3F626CEB-B75D-4CF1-8615-59F5DB4CEBA4}"
EndProject
Global
	GlobalSection(SolutionConfigurationPlatforms) = preSolution
		Debug|Any CPU = Debug|Any CPU
		Release|Any CPU = Release|Any CPU
	EndGlobalSection
	GlobalSection(ProjectConfigurationPlatforms) = postSolution
		{096FF02D-A9D0-4E16-9AB5-AEA58F0D04C3}.Debug|Any CPU.ActiveCfg = Debug|Any CPU
		{096FF02D-A9D0-4E16-9AB5-AEA58F0D04C3}.Debug|Any CPU.Build.0 = Debug|Any CPU
		{096FF02D-A9D0-4E16-9AB5-AEA58F0D04C3}.Release|Any CPU.ActiveCfg = Release|Any CPU
		{096FF02D-A9D0-4E16-9AB5-AEA58F0D04C3}.Release|Any CPU.Build.0 = Release|Any CPU
		{3F626CEB-B75D-4CF1-8615-59F5DB4CEBA4}.Debug|Any CPU.ActiveCfg = Debug|Any CPU
		{3F626CEB-B75D-4CF1-8615-59F5DB4CEBA4}.Debug|Any CPU.Build.0 = Debug|Any CPU
		{3F626CEB-B75D-4CF1-8615-59F5DB4CEBA4}.Release|Any CPU.ActiveCfg = Release|Any CPU
		{3F626CEB-B75D-4CF1-8615-59F5DB4CEBA4}.Release|Any CPU.Build.0 = Release|Any CPU
	EndGlobalSection
	GlobalSection(SolutionProperties) = preSolution
		HideSolutionNode = FALSE
	EndGlobalSection
EndGlobal
